
Microsoft Visual Studio Solution File, Format Version 12.00
# Visual Studio 15
VisualStudioVersion = 15.0.28307.539
MinimumVisualStudioVersion = 10.0.40219.1
Project("{FAE04EC0-301F-11D3-BF4B-00C04F79EFBC}") = "Workshop5.TravelExperts.App", "Workshop5.TravelExperts.App\Workshop5.TravelExperts.App.csproj", "{C8F9DD55-C097-47CA-802F-97D11D4DB983}"
EndProject
Project("{FAE04EC0-301F-11D3-BF4B-00C04F79EFBC}") = "Workshop5.TravelExperts.Data", "Workshop5.TravelExperts.Data\Workshop5.TravelExperts.Data.csproj", "{43E53284-C039-48C9-9D90-ADC31D9E1C61}"
EndProject
Project("{FAE04EC0-301F-11D3-BF4B-00C04F79EFBC}") = "Workshop5.TravelExperts.Domain", "Workshop5.TravelExperts.Domain\Workshop5.TravelExperts.Domain.csproj", "{C91FAAEA-F1D9-42E3-8D3A-7AAFB1011CBB}"
EndProject
Global
	GlobalSection(SolutionConfigurationPlatforms) = preSolution
		Debug|Any CPU = Debug|Any CPU
		Release|Any CPU = Release|Any CPU
	EndGlobalSection
	GlobalSection(ProjectConfigurationPlatforms) = postSolution
		{C8F9DD55-C097-47CA-802F-97D11D4DB983}.Debug|Any CPU.ActiveCfg = Debug|Any CPU
		{C8F9DD55-C097-47CA-802F-97D11D4DB983}.Debug|Any CPU.Build.0 = Debug|Any CPU
		{C8F9DD55-C097-47CA-802F-97D11D4DB983}.Release|Any CPU.ActiveCfg = Release|Any CPU
		{C8F9DD55-C097-47CA-802F-97D11D4DB983}.Release|Any CPU.Build.0 = Release|Any CPU
		{43E53284-C039-48C9-9D90-ADC31D9E1C61}.Debug|Any CPU.ActiveCfg = Debug|Any CPU
		{43E53284-C039-48C9-9D90-ADC31D9E1C61}.Debug|Any CPU.Build.0 = Debug|Any CPU
		{43E53284-C039-48C9-9D90-ADC31D9E1C61}.Release|Any CPU.ActiveCfg = Release|Any CPU
		{43E53284-C039-48C9-9D90-ADC31D9E1C61}.Release|Any CPU.Build.0 = Release|Any CPU
		{C91FAAEA-F1D9-42E3-8D3A-7AAFB1011CBB}.Debug|Any CPU.ActiveCfg = Debug|Any CPU
		{C91FAAEA-F1D9-42E3-8D3A-7AAFB1011CBB}.Debug|Any CPU.Build.0 = Debug|Any CPU
		{C91FAAEA-F1D9-42E3-8D3A-7AAFB1011CBB}.Release|Any CPU.ActiveCfg = Release|Any CPU
		{C91FAAEA-F1D9-42E3-8D3A-7AAFB1011CBB}.Release|Any CPU.Build.0 = Release|Any CPU
	EndGlobalSection
	GlobalSection(SolutionProperties) = preSolution
		HideSolutionNode = FALSE
	EndGlobalSection
	GlobalSection(ExtensibilityGlobals) = postSolution
		SolutionGuid = {F1878226-C7D4-48E2-BFCC-2A5E9A56BACA}
	EndGlobalSection
EndGlobal
